<?xml version="1.0" encoding="utf-8"?>
<Project ToolsVersion="4.0" xmlns="http://schemas.microsoft.com/developer/msbuild/2003">
  <ItemGroup>
    <Filter Include="Files">
      <UniqueIdentifier>{e7362bea-58ae-4939-8824-9c54c9d9adef}</UniqueIdentifier>
    </Filter>
    <Filter Include="Files\Framework">
      <UniqueIdentifier>{87116290-f8fb-4c2d-b960-19924c439f2f}</UniqueIdentifier>
    </Filter>
    <Filter Include="Files\SourceCode">
      <UniqueIdentifier>{5be576ab-53f6-4c91-940c-98ed70dbdebc}</UniqueIdentifier>
    </Filter>
    <Filter Include="Files\SourceCode\Structs">
      <UniqueIdentifier>{82d9bce3-bf9e-403f-b209-7222707d9f9c}</UniqueIdentifier>
    </Filter>
    <Filter Include="Files\SourceCode\Structs\cMMD - it%27s the everything struct">
      <UniqueIdentifier>{ea3a6a44-1a70-4295-9091-33cf154694b3}</UniqueIdentifier>
    </Filter>
    <Filter Include="Files\SourceCode\Structs\Temporary">
      <UniqueIdentifier>{6412de71-866e-4ba5-bef7-b9e721f15bdd}</UniqueIdentifier>
    </Filter>
    <Filter Include="Files\SourceCode\Structs\cModel - shared by PMD and PMX">
      <UniqueIdentifier>{81ac31df-3b1e-419e-94c8-79159c36f2fd}</UniqueIdentifier>
    </Filter>
    <Filter Include="Files\Resources">
      <UniqueIdentifier>{948854fd-4559-429e-bb66-7ba71c20cdb9}</UniqueIdentifier>
    </Filter>
  </ItemGroup>
  <ItemGroup>
    <ClCompile Include="dllmain.cpp">
      <Filter>Files</Filter>
    </ClCompile>
    <ClCompile Include="Globals.cpp">
      <Filter>Files\Framework</Filter>
    </ClCompile>
    <ClCompile Include="SourceCode\ExportedFunctions.cpp">
      <Filter>Files\SourceCode</Filter>
    </ClCompile>
    <ClCompile Include="SourceCode\cMMD.cpp">
      <Filter>Files\SourceCode\Structs\cMMD - it%27s the everything struct</Filter>
    </ClCompile>
    <ClCompile Include="SourceCode\cModel.cpp" />
    <ClCompile Include="SourceCode\UI.cpp">
      <Filter>Files\SourceCode</Filter>
    </ClCompile>
  </ItemGroup>
  <ItemGroup>
    <ClInclude Include="Globals.hpp">
      <Filter>Files\Framework</Filter>
    </ClInclude>
    <ClInclude Include="Types.hpp">
      <Filter>Files\Framework</Filter>
    </ClInclude>
    <ClInclude Include="SourceCode\ExportedFunctions.hpp">
      <Filter>Files\SourceCode</Filter>
    </ClInclude>
    <ClInclude Include="SourceCode\cMMD.hpp">
      <Filter>Files\SourceCode\Structs\cMMD - it%27s the everything struct</Filter>
    </ClInclude>
    <ClInclude Include="SourceCode\cMMD_A16E0.hpp">
      <Filter>Files\SourceCode\Structs\Temporary</Filter>
    </ClInclude>
    <ClInclude Include="SourceCode\cAccessory.hpp">
      <Filter>Files\SourceCode\Structs\Temporary</Filter>
    </ClInclude>
    <ClInclude Include="SourceCode\cKeyframe.hpp">
      <Filter>Files\SourceCode\Structs\Temporary</Filter>
    </ClInclude>
    <ClInclude Include="Framework.hpp">
      <Filter>Files\Framework</Filter>
    </ClInclude>
    <ClInclude Include="SourceCode\Framework.hpp">
      <Filter>Files\SourceCode</Filter>
    </ClInclude>
    <ClInclude Include="SourceCode\cModel.hpp">
      <Filter>Files\SourceCode\Structs\cModel - shared by PMD and PMX</Filter>
    </ClInclude>
    <ClInclude Include="Resource.hpp">
      <Filter>Files\Resources</Filter>
    </ClInclude>
    <ClInclude Include="SourceCode\UI.hpp">
      <Filter>Files\SourceCode</Filter>
    </ClInclude>
  </ItemGroup>
  <ItemGroup>
    <ResourceCompile Include="MikuMikuDance.rc">
      <Filter>Files\Resources</Filter>
    </ResourceCompile>
  </ItemGroup>
</Project>